# This file is automatically @generated by Cargo.
# It is not intended for manual editing.
version = 4

[[package]]
name = "cc65"
version = "0.1.0"
dependencies = [
 "core",
]

[[package]]
name = "core"
version = "0.1.0"

[[package]]
name = "fizzbuzz"
version = "0.1.0"
dependencies = [
 "cc65",
 "core",
]
